
Microsoft Visual Studio Solution File, Format Version 12.00
# Visual Studio Version 16
VisualStudioVersion = 16.0.30804.86
MinimumVisualStudioVersion = 10.0.40219.1
Project("{FAE04EC0-301F-11D3-BF4B-00C04F79EFBC}") = "prohect_for_OOP", "prohect_for_OOP\prohect_for_OOP.csproj", "{4210661D-28C5-4B53-AC51-FF0B3D9BD0DA}"
EndProject
Global
	GlobalSection(SolutionConfigurationPlatforms) = preSolution
		Debug|Any CPU = Debug|Any CPU
		Release|Any CPU = Release|Any CPU
	EndGlobalSection
	GlobalSection(ProjectConfigurationPlatforms) = postSolution
		{4210661D-28C5-4B53-AC51-FF0B3D9BD0DA}.Debug|Any CPU.ActiveCfg = Debug|Any CPU
		{4210661D-28C5-4B53-AC51-FF0B3D9BD0DA}.Debug|Any CPU.Build.0 = Debug|Any CPU
		{4210661D-28C5-4B53-AC51-FF0B3D9BD0DA}.Release|Any CPU.ActiveCfg = Release|Any CPU
		{4210661D-28C5-4B53-AC51-FF0B3D9BD0DA}.Release|Any CPU.Build.0 = Release|Any CPU
	EndGlobalSection
	GlobalSection(SolutionProperties) = preSolution
		HideSolutionNode = FALSE
	EndGlobalSection
	GlobalSection(ExtensibilityGlobals) = postSolution
		SolutionGuid = {704D88F2-2448-4551-8A3B-16E2F7F078F1}
	EndGlobalSection
EndGlobal
